
Microsoft Visual Studio Solution File, Format Version 12.00
# Visual Studio Version 17
VisualStudioVersion = 17.4.33110.190
MinimumVisualStudioVersion = 10.0.40219.1
Project("{FAE04EC0-301F-11D3-BF4B-00C04F79EFBC}") = "GameCenter", "Game center\GameCenter.csproj", "{D431F7E6-B06B-4991-8607-01B7516C5C45}"
EndProject
Global
	GlobalSection(SolutionConfigurationPlatforms) = preSolution
		Debug|Any CPU = Debug|Any CPU
		Release|Any CPU = Release|Any CPU
	EndGlobalSection
	GlobalSection(ProjectConfigurationPlatforms) = postSolution
		{D431F7E6-B06B-4991-8607-01B7516C5C45}.Debug|Any CPU.ActiveCfg = Debug|Any CPU
		{D431F7E6-B06B-4991-8607-01B7516C5C45}.Debug|Any CPU.Build.0 = Debug|Any CPU
		{D431F7E6-B06B-4991-8607-01B7516C5C45}.Release|Any CPU.ActiveCfg = Release|Any CPU
		{D431F7E6-B06B-4991-8607-01B7516C5C45}.Release|Any CPU.Build.0 = Release|Any CPU
	EndGlobalSection
	GlobalSection(SolutionProperties) = preSolution
		HideSolutionNode = FALSE
	EndGlobalSection
	GlobalSection(ExtensibilityGlobals) = postSolution
		SolutionGuid = {CC07BA14-D8D2-4058-AEF0-2A2387FD9F0A}
	EndGlobalSection
EndGlobal
